
Microsoft Visual Studio Solution File, Format Version 12.00
# Visual Studio Version 17
VisualStudioVersion = 17.14.36603.0 d17.14
MinimumVisualStudioVersion = 10.0.40219.1
Project("{FAE04EC0-301F-11D3-BF4B-00C04F79EFBC}") = "Company", "Company\Company.csproj", "{96EDDA78-C237-4584-BD0A-DAE1B8CDFAEE}"
EndProject
Global
	GlobalSection(SolutionConfigurationPlatforms) = preSolution
		Debug|Any CPU = Debug|Any CPU
		Release|Any CPU = Release|Any CPU
	EndGlobalSection
	GlobalSection(ProjectConfigurationPlatforms) = postSolution
		{96EDDA78-C237-4584-BD0A-DAE1B8CDFAEE}.Debug|Any CPU.ActiveCfg = Debug|Any CPU
		{96EDDA78-C237-4584-BD0A-DAE1B8CDFAEE}.Debug|Any CPU.Build.0 = Debug|Any CPU
		{96EDDA78-C237-4584-BD0A-DAE1B8CDFAEE}.Release|Any CPU.ActiveCfg = Release|Any CPU
		{96EDDA78-C237-4584-BD0A-DAE1B8CDFAEE}.Release|Any CPU.Build.0 = Release|Any CPU
	EndGlobalSection
	GlobalSection(SolutionProperties) = preSolution
		HideSolutionNode = FALSE
	EndGlobalSection
	GlobalSection(ExtensibilityGlobals) = postSolution
		SolutionGuid = {32F5FC40-E4E8-4A68-A884-B5A7CDD309FF}
	EndGlobalSection
EndGlobal
